// !$*UTF8*$!
{
	archiveVersion = 1;
	classes = {
	};
	objectVersion = 56;
	objects = {

/* Begin PBXBuildFile section */
		FA2334D62A4819670083C6A8 /* UIExtension + Color.swift in Sources */ = {isa = PBXBuildFile; fileRef = FA2334D52A4819670083C6A8 /* UIExtension + Color.swift */; };
		FA2334D82A481B7C0083C6A8 /* MainTabBarViewController.swift in Sources */ = {isa = PBXBuildFile; fileRef = FA2334D72A481B7C0083C6A8 /* MainTabBarViewController.swift */; };
		FA2334DA2A481CCC0083C6A8 /* StatisticViewController.swift in Sources */ = {isa = PBXBuildFile; fileRef = FA2334D92A481CCC0083C6A8 /* StatisticViewController.swift */; };
		FA5EBE0D2A4207DE00EA3318 /* AppDelegate.swift in Sources */ = {isa = PBXBuildFile; fileRef = FA5EBE0C2A4207DE00EA3318 /* AppDelegate.swift */; };
		FA5EBE0F2A4207DE00EA3318 /* SceneDelegate.swift in Sources */ = {isa = PBXBuildFile; fileRef = FA5EBE0E2A4207DE00EA3318 /* SceneDelegate.swift */; };
		FA5EBE112A4207DE00EA3318 /* TrackerViewController.swift in Sources */ = {isa = PBXBuildFile; fileRef = FA5EBE102A4207DE00EA3318 /* TrackerViewController.swift */; };
		FA5EBE162A4207DE00EA3318 /* Assets.xcassets in Resources */ = {isa = PBXBuildFile; fileRef = FA5EBE152A4207DE00EA3318 /* Assets.xcassets */; };
		FA5EBE192A4207DE00EA3318 /* LaunchScreen.storyboard in Resources */ = {isa = PBXBuildFile; fileRef = FA5EBE172A4207DE00EA3318 /* LaunchScreen.storyboard */; };
		FA8975072A7ABFB9001F91D4 /* CreateTrackerViewController.swift in Sources */ = {isa = PBXBuildFile; fileRef = FA8975062A7ABFB9001F91D4 /* CreateTrackerViewController.swift */; };
		FA8975092A7ACFBF001F91D4 /* ListCell.swift in Sources */ = {isa = PBXBuildFile; fileRef = FA8975082A7ACFBF001F91D4 /* ListCell.swift */; };
		FA89750B2A7AD1E9001F91D4 /* ListOfItems.swift in Sources */ = {isa = PBXBuildFile; fileRef = FA89750A2A7AD1E9001F91D4 /* ListOfItems.swift */; };
		FAC415EB2A4C8A86005186FE /* TrackerCell.swift in Sources */ = {isa = PBXBuildFile; fileRef = FAC415EA2A4C8A86005186FE /* TrackerCell.swift */; };
		FAC415ED2A4C96B7005186FE /* UICollectionView + Extension.swift in Sources */ = {isa = PBXBuildFile; fileRef = FAC415EC2A4C96B7005186FE /* UICollectionView + Extension.swift */; };
		FACED67C2A9A015A00A3B47E /* OnboardingViewController.swift in Sources */ = {isa = PBXBuildFile; fileRef = FACED67B2A9A015A00A3B47E /* OnboardingViewController.swift */; };
		FAD043282A88E88B00B23E15 /* EmojiCell.swift in Sources */ = {isa = PBXBuildFile; fileRef = FAD043272A88E88B00B23E15 /* EmojiCell.swift */; };
		FAD0432A2A88E8B600B23E15 /* ColorCell.swift in Sources */ = {isa = PBXBuildFile; fileRef = FAD043292A88E8B600B23E15 /* ColorCell.swift */; };
		FAD0432C2A88ECF800B23E15 /* TrackerCategoryStore.swift in Sources */ = {isa = PBXBuildFile; fileRef = FAD0432B2A88ECF800B23E15 /* TrackerCategoryStore.swift */; };
		FAD0432E2A88ED2000B23E15 /* TrackerRecordStore.swift in Sources */ = {isa = PBXBuildFile; fileRef = FAD0432D2A88ED2000B23E15 /* TrackerRecordStore.swift */; };
		FAD043302A88ED4400B23E15 /* TrackerStore.swift in Sources */ = {isa = PBXBuildFile; fileRef = FAD0432F2A88ED4400B23E15 /* TrackerStore.swift */; };
		FAD043322A88ED6700B23E15 /* UIColorMarshalling.swift in Sources */ = {isa = PBXBuildFile; fileRef = FAD043312A88ED6700B23E15 /* UIColorMarshalling.swift */; };
		FAD043352A88EDB000B23E15 /* Model.xcdatamodeld in Sources */ = {isa = PBXBuildFile; fileRef = FAD043332A88EDB000B23E15 /* Model.xcdatamodeld */; };
		FAE5ED822A52F35C00C4ADE5 /* TypeTrackerViewController.swift in Sources */ = {isa = PBXBuildFile; fileRef = FAE5ED812A52F35C00C4ADE5 /* TypeTrackerViewController.swift */; };
		FAF565E12A7E833000B8EAAE /* TrackerCategory.swift in Sources */ = {isa = PBXBuildFile; fileRef = FAF565E02A7E832F00B8EAAE /* TrackerCategory.swift */; };
		FAF565E32A7E834F00B8EAAE /* Tracker.swift in Sources */ = {isa = PBXBuildFile; fileRef = FAF565E22A7E834F00B8EAAE /* Tracker.swift */; };
		FAF565E52A7E837400B8EAAE /* TrackerRecord.swift in Sources */ = {isa = PBXBuildFile; fileRef = FAF565E42A7E837400B8EAAE /* TrackerRecord.swift */; };
		FAF565E72A7E838A00B8EAAE /* WeekDay.swift in Sources */ = {isa = PBXBuildFile; fileRef = FAF565E62A7E838A00B8EAAE /* WeekDay.swift */; };
		FAF565E92A7E84B800B8EAAE /* UIStackView + Extension.swift in Sources */ = {isa = PBXBuildFile; fileRef = FAF565E82A7E84B800B8EAAE /* UIStackView + Extension.swift */; };
		FAF565EB2A7E858600B8EAAE /* TrackerTF.swift in Sources */ = {isa = PBXBuildFile; fileRef = FAF565EA2A7E858600B8EAAE /* TrackerTF.swift */; };
		FAF565ED2A7E85AC00B8EAAE /* TrackerCategoryNames.swift in Sources */ = {isa = PBXBuildFile; fileRef = FAF565EC2A7E85AC00B8EAAE /* TrackerCategoryNames.swift */; };
		FAF565EF2A7E91D900B8EAAE /* Date Int + Extension.swift in Sources */ = {isa = PBXBuildFile; fileRef = FAF565EE2A7E91D900B8EAAE /* Date Int + Extension.swift */; };
		FAF565F12A7E924D00B8EAAE /* UILabel + Extension.swift in Sources */ = {isa = PBXBuildFile; fileRef = FAF565F02A7E924D00B8EAAE /* UILabel + Extension.swift */; };
		FAF565F32A7E928C00B8EAAE /* Emoji.swift in Sources */ = {isa = PBXBuildFile; fileRef = FAF565F22A7E928C00B8EAAE /* Emoji.swift */; };
		FAF565F52A7E931500B8EAAE /* WeekdayCell.swift in Sources */ = {isa = PBXBuildFile; fileRef = FAF565F42A7E931500B8EAAE /* WeekdayCell.swift */; };
		FAF565F72A7E938B00B8EAAE /* ScheduleViewController.swift in Sources */ = {isa = PBXBuildFile; fileRef = FAF565F62A7E938B00B8EAAE /* ScheduleViewController.swift */; };
/* End PBXBuildFile section */

/* Begin PBXFileReference section */
		FA2334D52A4819670083C6A8 /* UIExtension + Color.swift */ = {isa = PBXFileReference; lastKnownFileType = sourcecode.swift; path = "UIExtension + Color.swift"; sourceTree = "<group>"; };
		FA2334D72A481B7C0083C6A8 /* MainTabBarViewController.swift */ = {isa = PBXFileReference; lastKnownFileType = sourcecode.swift; path = MainTabBarViewController.swift; sourceTree = "<group>"; };
		FA2334D92A481CCC0083C6A8 /* StatisticViewController.swift */ = {isa = PBXFileReference; lastKnownFileType = sourcecode.swift; path = StatisticViewController.swift; sourceTree = "<group>"; };
		FA5EBE092A4207DE00EA3318 /* Tracker.app */ = {isa = PBXFileReference; explicitFileType = wrapper.application; includeInIndex = 0; path = Tracker.app; sourceTree = BUILT_PRODUCTS_DIR; };
		FA5EBE0C2A4207DE00EA3318 /* AppDelegate.swift */ = {isa = PBXFileReference; lastKnownFileType = sourcecode.swift; path = AppDelegate.swift; sourceTree = "<group>"; };
		FA5EBE0E2A4207DE00EA3318 /* SceneDelegate.swift */ = {isa = PBXFileReference; lastKnownFileType = sourcecode.swift; path = SceneDelegate.swift; sourceTree = "<group>"; };
		FA5EBE102A4207DE00EA3318 /* TrackerViewController.swift */ = {isa = PBXFileReference; lastKnownFileType = sourcecode.swift; path = TrackerViewController.swift; sourceTree = "<group>"; };
		FA5EBE152A4207DE00EA3318 /* Assets.xcassets */ = {isa = PBXFileReference; lastKnownFileType = folder.assetcatalog; path = Assets.xcassets; sourceTree = "<group>"; };
		FA5EBE182A4207DE00EA3318 /* Base */ = {isa = PBXFileReference; lastKnownFileType = file.storyboard; name = Base; path = Base.lproj/LaunchScreen.storyboard; sourceTree = "<group>"; };
		FA5EBE1A2A4207DE00EA3318 /* Info.plist */ = {isa = PBXFileReference; lastKnownFileType = text.plist.xml; path = Info.plist; sourceTree = "<group>"; };
		FA8975062A7ABFB9001F91D4 /* CreateTrackerViewController.swift */ = {isa = PBXFileReference; lastKnownFileType = sourcecode.swift; path = CreateTrackerViewController.swift; sourceTree = "<group>"; };
		FA8975082A7ACFBF001F91D4 /* ListCell.swift */ = {isa = PBXFileReference; lastKnownFileType = sourcecode.swift; path = ListCell.swift; sourceTree = "<group>"; };
		FA89750A2A7AD1E9001F91D4 /* ListOfItems.swift */ = {isa = PBXFileReference; lastKnownFileType = sourcecode.swift; path = ListOfItems.swift; sourceTree = "<group>"; };
		FAC415EA2A4C8A86005186FE /* TrackerCell.swift */ = {isa = PBXFileReference; lastKnownFileType = sourcecode.swift; path = TrackerCell.swift; sourceTree = "<group>"; };
		FAC415EC2A4C96B7005186FE /* UICollectionView + Extension.swift */ = {isa = PBXFileReference; lastKnownFileType = sourcecode.swift; path = "UICollectionView + Extension.swift"; sourceTree = "<group>"; };
		FACED67B2A9A015A00A3B47E /* OnboardingViewController.swift */ = {isa = PBXFileReference; lastKnownFileType = sourcecode.swift; path = OnboardingViewController.swift; sourceTree = "<group>"; };
		FAD043272A88E88B00B23E15 /* EmojiCell.swift */ = {isa = PBXFileReference; lastKnownFileType = sourcecode.swift; path = EmojiCell.swift; sourceTree = "<group>"; };
		FAD043292A88E8B600B23E15 /* ColorCell.swift */ = {isa = PBXFileReference; lastKnownFileType = sourcecode.swift; path = ColorCell.swift; sourceTree = "<group>"; };
		FAD0432B2A88ECF800B23E15 /* TrackerCategoryStore.swift */ = {isa = PBXFileReference; lastKnownFileType = sourcecode.swift; path = TrackerCategoryStore.swift; sourceTree = "<group>"; };
		FAD0432D2A88ED2000B23E15 /* TrackerRecordStore.swift */ = {isa = PBXFileReference; lastKnownFileType = sourcecode.swift; path = TrackerRecordStore.swift; sourceTree = "<group>"; };
		FAD0432F2A88ED4400B23E15 /* TrackerStore.swift */ = {isa = PBXFileReference; lastKnownFileType = sourcecode.swift; path = TrackerStore.swift; sourceTree = "<group>"; };
		FAD043312A88ED6700B23E15 /* UIColorMarshalling.swift */ = {isa = PBXFileReference; lastKnownFileType = sourcecode.swift; path = UIColorMarshalling.swift; sourceTree = "<group>"; };
		FAD043342A88EDB000B23E15 /* Model.xcdatamodel */ = {isa = PBXFileReference; lastKnownFileType = wrapper.xcdatamodel; path = Model.xcdatamodel; sourceTree = "<group>"; };
		FAE5ED812A52F35C00C4ADE5 /* TypeTrackerViewController.swift */ = {isa = PBXFileReference; lastKnownFileType = sourcecode.swift; path = TypeTrackerViewController.swift; sourceTree = "<group>"; };
		FAF565E02A7E832F00B8EAAE /* TrackerCategory.swift */ = {isa = PBXFileReference; lastKnownFileType = sourcecode.swift; path = TrackerCategory.swift; sourceTree = "<group>"; };
		FAF565E22A7E834F00B8EAAE /* Tracker.swift */ = {isa = PBXFileReference; lastKnownFileType = sourcecode.swift; path = Tracker.swift; sourceTree = "<group>"; };
		FAF565E42A7E837400B8EAAE /* TrackerRecord.swift */ = {isa = PBXFileReference; lastKnownFileType = sourcecode.swift; path = TrackerRecord.swift; sourceTree = "<group>"; };
		FAF565E62A7E838A00B8EAAE /* WeekDay.swift */ = {isa = PBXFileReference; lastKnownFileType = sourcecode.swift; path = WeekDay.swift; sourceTree = "<group>"; };
		FAF565E82A7E84B800B8EAAE /* UIStackView + Extension.swift */ = {isa = PBXFileReference; lastKnownFileType = sourcecode.swift; path = "UIStackView + Extension.swift"; sourceTree = "<group>"; };
		FAF565EA2A7E858600B8EAAE /* TrackerTF.swift */ = {isa = PBXFileReference; lastKnownFileType = sourcecode.swift; path = TrackerTF.swift; sourceTree = "<group>"; };
		FAF565EC2A7E85AC00B8EAAE /* TrackerCategoryNames.swift */ = {isa = PBXFileReference; lastKnownFileType = sourcecode.swift; path = TrackerCategoryNames.swift; sourceTree = "<group>"; };
		FAF565EE2A7E91D900B8EAAE /* Date Int + Extension.swift */ = {isa = PBXFileReference; lastKnownFileType = sourcecode.swift; path = "Date Int + Extension.swift"; sourceTree = "<group>"; };
		FAF565F02A7E924D00B8EAAE /* UILabel + Extension.swift */ = {isa = PBXFileReference; lastKnownFileType = sourcecode.swift; path = "UILabel + Extension.swift"; sourceTree = "<group>"; };
		FAF565F22A7E928C00B8EAAE /* Emoji.swift */ = {isa = PBXFileReference; lastKnownFileType = sourcecode.swift; path = Emoji.swift; sourceTree = "<group>"; };
		FAF565F42A7E931500B8EAAE /* WeekdayCell.swift */ = {isa = PBXFileReference; lastKnownFileType = sourcecode.swift; path = WeekdayCell.swift; sourceTree = "<group>"; };
		FAF565F62A7E938B00B8EAAE /* ScheduleViewController.swift */ = {isa = PBXFileReference; lastKnownFileType = sourcecode.swift; path = ScheduleViewController.swift; sourceTree = "<group>"; };
/* End PBXFileReference section */

/* Begin PBXFrameworksBuildPhase section */
		FA5EBE062A4207DE00EA3318 /* Frameworks */ = {
			isa = PBXFrameworksBuildPhase;
			buildActionMask = 2147483647;
			files = (
			);
			runOnlyForDeploymentPostprocessing = 0;
		};
/* End PBXFrameworksBuildPhase section */

/* Begin PBXGroup section */
		FA378A3E2A7EA1750024C8EF /* ViewControllers */ = {
			isa = PBXGroup;
			children = (
				FA5EBE102A4207DE00EA3318 /* TrackerViewController.swift */,
				FAE5ED812A52F35C00C4ADE5 /* TypeTrackerViewController.swift */,
				FA8975062A7ABFB9001F91D4 /* CreateTrackerViewController.swift */,
				FAF565F62A7E938B00B8EAAE /* ScheduleViewController.swift */,
				FA2334D92A481CCC0083C6A8 /* StatisticViewController.swift */,
				FA2334D72A481B7C0083C6A8 /* MainTabBarViewController.swift */,
				FACED67B2A9A015A00A3B47E /* OnboardingViewController.swift */,
			);
			path = ViewControllers;
			sourceTree = "<group>";
		};
		FA378A3F2A7EA18E0024C8EF /* Extensions */ = {
			isa = PBXGroup;
			children = (
				FAF565EE2A7E91D900B8EAAE /* Date Int + Extension.swift */,
				FAF565E82A7E84B800B8EAAE /* UIStackView + Extension.swift */,
				FAC415EC2A4C96B7005186FE /* UICollectionView + Extension.swift */,
				FA2334D52A4819670083C6A8 /* UIExtension + Color.swift */,
				FAF565F02A7E924D00B8EAAE /* UILabel + Extension.swift */,
			);
			path = Extensions;
			sourceTree = "<group>";
		};
		FA378A402A7EA1A50024C8EF /* Cells */ = {
			isa = PBXGroup;
			children = (
				FAC415EA2A4C8A86005186FE /* TrackerCell.swift */,
				FA8975082A7ACFBF001F91D4 /* ListCell.swift */,
				FAD043272A88E88B00B23E15 /* EmojiCell.swift */,
				FAD043292A88E8B600B23E15 /* ColorCell.swift */,
				FAF565F42A7E931500B8EAAE /* WeekdayCell.swift */,
			);
			path = Cells;
			sourceTree = "<group>";
		};
		FA378A412A7EA2450024C8EF /* Trackers */ = {
			isa = PBXGroup;
			children = (
				FAF565E22A7E834F00B8EAAE /* Tracker.swift */,
				FAF565EA2A7E858600B8EAAE /* TrackerTF.swift */,
				FAF565EC2A7E85AC00B8EAAE /* TrackerCategoryNames.swift */,
				FAF565E02A7E832F00B8EAAE /* TrackerCategory.swift */,
				FAF565E42A7E837400B8EAAE /* TrackerRecord.swift */,
			);
			path = Trackers;
			sourceTree = "<group>";
		};
		FA5EBE002A4207DE00EA3318 = {
			isa = PBXGroup;
			children = (
				FA5EBE0B2A4207DE00EA3318 /* Tracker */,
				FA5EBE0A2A4207DE00EA3318 /* Products */,
			);
			sourceTree = "<group>";
		};
		FA5EBE0A2A4207DE00EA3318 /* Products */ = {
			isa = PBXGroup;
			children = (
				FA5EBE092A4207DE00EA3318 /* Tracker.app */,
			);
			name = Products;
			sourceTree = "<group>";
		};
		FA5EBE0B2A4207DE00EA3318 /* Tracker */ = {
			isa = PBXGroup;
			children = (
				FA5EBE0C2A4207DE00EA3318 /* AppDelegate.swift */,
				FA5EBE0E2A4207DE00EA3318 /* SceneDelegate.swift */,
				FA89750A2A7AD1E9001F91D4 /* ListOfItems.swift */,
				FAF565F22A7E928C00B8EAAE /* Emoji.swift */,
				FAF565E62A7E838A00B8EAAE /* WeekDay.swift */,
				FAFBC2492A8941C000649936 /* CoreData */,
				FA378A412A7EA2450024C8EF /* Trackers */,
				FA378A402A7EA1A50024C8EF /* Cells */,
				FA378A3E2A7EA1750024C8EF /* ViewControllers */,
				FA378A3F2A7EA18E0024C8EF /* Extensions */,
				FA5EBE152A4207DE00EA3318 /* Assets.xcassets */,
				FA5EBE172A4207DE00EA3318 /* LaunchScreen.storyboard */,
				FA5EBE1A2A4207DE00EA3318 /* Info.plist */,
			);
			path = Tracker;
			sourceTree = "<group>";
		};
		FAFBC2492A8941C000649936 /* CoreData */ = {
			isa = PBXGroup;
			children = (
				FAD043332A88EDB000B23E15 /* Model.xcdatamodeld */,
				FAD0432B2A88ECF800B23E15 /* TrackerCategoryStore.swift */,
				FAD0432D2A88ED2000B23E15 /* TrackerRecordStore.swift */,
				FAD0432F2A88ED4400B23E15 /* TrackerStore.swift */,
				FAD043312A88ED6700B23E15 /* UIColorMarshalling.swift */,
			);
			path = CoreData;
			sourceTree = "<group>";
		};
/* End PBXGroup section */

/* Begin PBXNativeTarget section */
		FA5EBE082A4207DE00EA3318 /* Tracker */ = {
			isa = PBXNativeTarget;
			buildConfigurationList = FA5EBE1D2A4207DE00EA3318 /* Build configuration list for PBXNativeTarget "Tracker" */;
			buildPhases = (
				FA5EBE052A4207DE00EA3318 /* Sources */,
				FA5EBE062A4207DE00EA3318 /* Frameworks */,
				FA5EBE072A4207DE00EA3318 /* Resources */,
			);
			buildRules = (
			);
			dependencies = (
			);
			name = Tracker;
			productName = Tracker;
			productReference = FA5EBE092A4207DE00EA3318 /* Tracker.app */;
			productType = "com.apple.product-type.application";
		};
/* End PBXNativeTarget section */

/* Begin PBXProject section */
		FA5EBE012A4207DE00EA3318 /* Project object */ = {
			isa = PBXProject;
			attributes = {
				BuildIndependentTargetsInParallel = 1;
				LastSwiftUpdateCheck = 1430;
				LastUpgradeCheck = 1430;
				TargetAttributes = {
					FA5EBE082A4207DE00EA3318 = {
						CreatedOnToolsVersion = 14.3.1;
					};
				};
			};
			buildConfigurationList = FA5EBE042A4207DE00EA3318 /* Build configuration list for PBXProject "Tracker" */;
			compatibilityVersion = "Xcode 14.0";
			developmentRegion = en;
			hasScannedForEncodings = 0;
			knownRegions = (
				en,
				Base,
			);
			mainGroup = FA5EBE002A4207DE00EA3318;
			productRefGroup = FA5EBE0A2A4207DE00EA3318 /* Products */;
			projectDirPath = "";
			projectRoot = "";
			targets = (
				FA5EBE082A4207DE00EA3318 /* Tracker */,
			);
		};
/* End PBXProject section */

/* Begin PBXResourcesBuildPhase section */
		FA5EBE072A4207DE00EA3318 /* Resources */ = {
			isa = PBXResourcesBuildPhase;
			buildActionMask = 2147483647;
			files = (
				FA5EBE192A4207DE00EA3318 /* LaunchScreen.storyboard in Resources */,
				FA5EBE162A4207DE00EA3318 /* Assets.xcassets in Resources */,
			);
			runOnlyForDeploymentPostprocessing = 0;
		};
/* End PBXResourcesBuildPhase section */

/* Begin PBXSourcesBuildPhase section */
		FA5EBE052A4207DE00EA3318 /* Sources */ = {
			isa = PBXSourcesBuildPhase;
			buildActionMask = 2147483647;
			files = (
				FAF565EF2A7E91D900B8EAAE /* Date Int + Extension.swift in Sources */,
				FAF565EB2A7E858600B8EAAE /* TrackerTF.swift in Sources */,
				FAF565E72A7E838A00B8EAAE /* WeekDay.swift in Sources */,
				FA5EBE112A4207DE00EA3318 /* TrackerViewController.swift in Sources */,
				FAF565ED2A7E85AC00B8EAAE /* TrackerCategoryNames.swift in Sources */,
				FAF565F12A7E924D00B8EAAE /* UILabel + Extension.swift in Sources */,
				FA89750B2A7AD1E9001F91D4 /* ListOfItems.swift in Sources */,
				FAD043322A88ED6700B23E15 /* UIColorMarshalling.swift in Sources */,
				FAD0432E2A88ED2000B23E15 /* TrackerRecordStore.swift in Sources */,
				FAE5ED822A52F35C00C4ADE5 /* TypeTrackerViewController.swift in Sources */,
				FAF565E32A7E834F00B8EAAE /* Tracker.swift in Sources */,
				FA2334D62A4819670083C6A8 /* UIExtension + Color.swift in Sources */,
				FA2334D82A481B7C0083C6A8 /* MainTabBarViewController.swift in Sources */,
				FAF565E92A7E84B800B8EAAE /* UIStackView + Extension.swift in Sources */,
				FAD043302A88ED4400B23E15 /* TrackerStore.swift in Sources */,
				FA8975072A7ABFB9001F91D4 /* CreateTrackerViewController.swift in Sources */,
				FAC415EB2A4C8A86005186FE /* TrackerCell.swift in Sources */,
				FAF565F72A7E938B00B8EAAE /* ScheduleViewController.swift in Sources */,
				FAF565F32A7E928C00B8EAAE /* Emoji.swift in Sources */,
				FAF565E12A7E833000B8EAAE /* TrackerCategory.swift in Sources */,
				FAF565E52A7E837400B8EAAE /* TrackerRecord.swift in Sources */,
				FA2334DA2A481CCC0083C6A8 /* StatisticViewController.swift in Sources */,
				FAD0432C2A88ECF800B23E15 /* TrackerCategoryStore.swift in Sources */,
				FAD0432A2A88E8B600B23E15 /* ColorCell.swift in Sources */,
				FA5EBE0D2A4207DE00EA3318 /* AppDelegate.swift in Sources */,
				FA8975092A7ACFBF001F91D4 /* ListCell.swift in Sources */,
				FAD043352A88EDB000B23E15 /* Model.xcdatamodeld in Sources */,
				FACED67C2A9A015A00A3B47E /* OnboardingViewController.swift in Sources */,
				FA5EBE0F2A4207DE00EA3318 /* SceneDelegate.swift in Sources */,
				FAF565F52A7E931500B8EAAE /* WeekdayCell.swift in Sources */,
				FAD043282A88E88B00B23E15 /* EmojiCell.swift in Sources */,
				FAC415ED2A4C96B7005186FE /* UICollectionView + Extension.swift in Sources */,
			);
			runOnlyForDeploymentPostprocessing = 0;
		};
/* End PBXSourcesBuildPhase section */

/* Begin PBXVariantGroup section */
		FA5EBE172A4207DE00EA3318 /* LaunchScreen.storyboard */ = {
			isa = PBXVariantGroup;
			children = (
				FA5EBE182A4207DE00EA3318 /* Base */,
			);
			name = LaunchScreen.storyboard;
			sourceTree = "<group>";
		};
/* End PBXVariantGroup section */

/* Begin XCBuildConfiguration section */
		FA5EBE1B2A4207DE00EA3318 /* Debug */ = {
			isa = XCBuildConfiguration;
			buildSettings = {
				ALWAYS_SEARCH_USER_PATHS = NO;
				CLANG_ANALYZER_NONNULL = YES;
				CLANG_ANALYZER_NUMBER_OBJECT_CONVERSION = YES_AGGRESSIVE;
				CLANG_CXX_LANGUAGE_STANDARD = "gnu++20";
				CLANG_ENABLE_MODULES = YES;
				CLANG_ENABLE_OBJC_ARC = YES;
				CLANG_ENABLE_OBJC_WEAK = YES;
				CLANG_WARN_BLOCK_CAPTURE_AUTORELEASING = YES;
				CLANG_WARN_BOOL_CONVERSION = YES;
				CLANG_WARN_COMMA = YES;
				CLANG_WARN_CONSTANT_CONVERSION = YES;
				CLANG_WARN_DEPRECATED_OBJC_IMPLEMENTATIONS = YES;
				CLANG_WARN_DIRECT_OBJC_ISA_USAGE = YES_ERROR;
				CLANG_WARN_DOCUMENTATION_COMMENTS = YES;
				CLANG_WARN_EMPTY_BODY = YES;
				CLANG_WARN_ENUM_CONVERSION = YES;
				CLANG_WARN_INFINITE_RECURSION = YES;
				CLANG_WARN_INT_CONVERSION = YES;
				CLANG_WARN_NON_LITERAL_NULL_CONVERSION = YES;
				CLANG_WARN_OBJC_IMPLICIT_RETAIN_SELF = YES;
				CLANG_WARN_OBJC_LITERAL_CONVERSION = YES;
				CLANG_WARN_OBJC_ROOT_CLASS = YES_ERROR;
				CLANG_WARN_QUOTED_INCLUDE_IN_FRAMEWORK_HEADER = YES;
				CLANG_WARN_RANGE_LOOP_ANALYSIS = YES;
				CLANG_WARN_STRICT_PROTOTYPES = YES;
				CLANG_WARN_SUSPICIOUS_MOVE = YES;
				CLANG_WARN_UNGUARDED_AVAILABILITY = YES_AGGRESSIVE;
				CLANG_WARN_UNREACHABLE_CODE = YES;
				CLANG_WARN__DUPLICATE_METHOD_MATCH = YES;
				COPY_PHASE_STRIP = NO;
				DEBUG_INFORMATION_FORMAT = dwarf;
				ENABLE_STRICT_OBJC_MSGSEND = YES;
				ENABLE_TESTABILITY = YES;
				GCC_C_LANGUAGE_STANDARD = gnu11;
				GCC_DYNAMIC_NO_PIC = NO;
				GCC_NO_COMMON_BLOCKS = YES;
				GCC_OPTIMIZATION_LEVEL = 0;
				GCC_PREPROCESSOR_DEFINITIONS = (
					"DEBUG=1",
					"$(inherited)",
				);
				GCC_WARN_64_TO_32_BIT_CONVERSION = YES;
				GCC_WARN_ABOUT_RETURN_TYPE = YES_ERROR;
				GCC_WARN_UNDECLARED_SELECTOR = YES;
				GCC_WARN_UNINITIALIZED_AUTOS = YES_AGGRESSIVE;
				GCC_WARN_UNUSED_FUNCTION = YES;
				GCC_WARN_UNUSED_VARIABLE = YES;
				IPHONEOS_DEPLOYMENT_TARGET = 16.4;
				MTL_ENABLE_DEBUG_INFO = INCLUDE_SOURCE;
				MTL_FAST_MATH = YES;
				ONLY_ACTIVE_ARCH = YES;
				SDKROOT = iphoneos;
				SWIFT_ACTIVE_COMPILATION_CONDITIONS = DEBUG;
				SWIFT_OPTIMIZATION_LEVEL = "-Onone";
			};
			name = Debug;
		};
		FA5EBE1C2A4207DE00EA3318 /* Release */ = {
			isa = XCBuildConfiguration;
			buildSettings = {
				ALWAYS_SEARCH_USER_PATHS = NO;
				CLANG_ANALYZER_NONNULL = YES;
				CLANG_ANALYZER_NUMBER_OBJECT_CONVERSION = YES_AGGRESSIVE;
				CLANG_CXX_LANGUAGE_STANDARD = "gnu++20";
				CLANG_ENABLE_MODULES = YES;
				CLANG_ENABLE_OBJC_ARC = YES;
				CLANG_ENABLE_OBJC_WEAK = YES;
				CLANG_WARN_BLOCK_CAPTURE_AUTORELEASING = YES;
				CLANG_WARN_BOOL_CONVERSION = YES;
				CLANG_WARN_COMMA = YES;
				CLANG_WARN_CONSTANT_CONVERSION = YES;
				CLANG_WARN_DEPRECATED_OBJC_IMPLEMENTATIONS = YES;
				CLANG_WARN_DIRECT_OBJC_ISA_USAGE = YES_ERROR;
				CLANG_WARN_DOCUMENTATION_COMMENTS = YES;
				CLANG_WARN_EMPTY_BODY = YES;
				CLANG_WARN_ENUM_CONVERSION = YES;
				CLANG_WARN_INFINITE_RECURSION = YES;
				CLANG_WARN_INT_CONVERSION = YES;
				CLANG_WARN_NON_LITERAL_NULL_CONVERSION = YES;
				CLANG_WARN_OBJC_IMPLICIT_RETAIN_SELF = YES;
				CLANG_WARN_OBJC_LITERAL_CONVERSION = YES;
				CLANG_WARN_OBJC_ROOT_CLASS = YES_ERROR;
				CLANG_WARN_QUOTED_INCLUDE_IN_FRAMEWORK_HEADER = YES;
				CLANG_WARN_RANGE_LOOP_ANALYSIS = YES;
				CLANG_WARN_STRICT_PROTOTYPES = YES;
				CLANG_WARN_SUSPICIOUS_MOVE = YES;
				CLANG_WARN_UNGUARDED_AVAILABILITY = YES_AGGRESSIVE;
				CLANG_WARN_UNREACHABLE_CODE = YES;
				CLANG_WARN__DUPLICATE_METHOD_MATCH = YES;
				COPY_PHASE_STRIP = NO;
				DEBUG_INFORMATION_FORMAT = "dwarf-with-dsym";
				ENABLE_NS_ASSERTIONS = NO;
				ENABLE_STRICT_OBJC_MSGSEND = YES;
				GCC_C_LANGUAGE_STANDARD = gnu11;
				GCC_NO_COMMON_BLOCKS = YES;
				GCC_WARN_64_TO_32_BIT_CONVERSION = YES;
				GCC_WARN_ABOUT_RETURN_TYPE = YES_ERROR;
				GCC_WARN_UNDECLARED_SELECTOR = YES;
				GCC_WARN_UNINITIALIZED_AUTOS = YES_AGGRESSIVE;
				GCC_WARN_UNUSED_FUNCTION = YES;
				GCC_WARN_UNUSED_VARIABLE = YES;
				IPHONEOS_DEPLOYMENT_TARGET = 16.4;
				MTL_ENABLE_DEBUG_INFO = NO;
				MTL_FAST_MATH = YES;
				SDKROOT = iphoneos;
				SWIFT_COMPILATION_MODE = wholemodule;
				SWIFT_OPTIMIZATION_LEVEL = "-O";
				VALIDATE_PRODUCT = YES;
			};
			name = Release;
		};
		FA5EBE1E2A4207DE00EA3318 /* Debug */ = {
			isa = XCBuildConfiguration;
			buildSettings = {
				ASSETCATALOG_COMPILER_APPICON_NAME = AppIcon;
				ASSETCATALOG_COMPILER_GLOBAL_ACCENT_COLOR_NAME = AccentColor;
				CODE_SIGN_STYLE = Automatic;
				CURRENT_PROJECT_VERSION = 1;
				DEVELOPMENT_TEAM = S3TXMX6C6U;
				GENERATE_INFOPLIST_FILE = YES;
				INFOPLIST_FILE = Tracker/Info.plist;
				INFOPLIST_KEY_UIApplicationSupportsIndirectInputEvents = YES;
				INFOPLIST_KEY_UILaunchStoryboardName = LaunchScreen;
				INFOPLIST_KEY_UISupportedInterfaceOrientations = UIInterfaceOrientationPortrait;
				IPHONEOS_DEPLOYMENT_TARGET = 13.4;
				LD_RUNPATH_SEARCH_PATHS = (
					"$(inherited)",
					"@executable_path/Frameworks",
				);
				MARKETING_VERSION = 1.0;
				PRODUCT_BUNDLE_IDENTIFIER = com.alexanderkarpinets.Tracker;
				PRODUCT_NAME = "$(TARGET_NAME)";
				SUPPORTED_PLATFORMS = "iphoneos iphonesimulator";
				SUPPORTS_MACCATALYST = NO;
				SUPPORTS_MAC_DESIGNED_FOR_IPHONE_IPAD = NO;
				SWIFT_EMIT_LOC_STRINGS = YES;
				SWIFT_VERSION = 5.0;
				TARGETED_DEVICE_FAMILY = 1;
			};
			name = Debug;
		};
		FA5EBE1F2A4207DE00EA3318 /* Release */ = {
			isa = XCBuildConfiguration;
			buildSettings = {
				ASSETCATALOG_COMPILER_APPICON_NAME = AppIcon;
				ASSETCATALOG_COMPILER_GLOBAL_ACCENT_COLOR_NAME = AccentColor;
				CODE_SIGN_STYLE = Automatic;
				CURRENT_PROJECT_VERSION = 1;
				DEVELOPMENT_TEAM = S3TXMX6C6U;
				GENERATE_INFOPLIST_FILE = YES;
				INFOPLIST_FILE = Tracker/Info.plist;
				INFOPLIST_KEY_UIApplicationSupportsIndirectInputEvents = YES;
				INFOPLIST_KEY_UILaunchStoryboardName = LaunchScreen;
				INFOPLIST_KEY_UISupportedInterfaceOrientations = UIInterfaceOrientationPortrait;
				IPHONEOS_DEPLOYMENT_TARGET = 13.4;
				LD_RUNPATH_SEARCH_PATHS = (
					"$(inherited)",
					"@executable_path/Frameworks",
				);
				MARKETING_VERSION = 1.0;
				PRODUCT_BUNDLE_IDENTIFIER = com.alexanderkarpinets.Tracker;
				PRODUCT_NAME = "$(TARGET_NAME)";
				SUPPORTED_PLATFORMS = "iphoneos iphonesimulator";
				SUPPORTS_MACCATALYST = NO;
				SUPPORTS_MAC_DESIGNED_FOR_IPHONE_IPAD = NO;
				SWIFT_EMIT_LOC_STRINGS = YES;
				SWIFT_VERSION = 5.0;
				TARGETED_DEVICE_FAMILY = 1;
			};
			name = Release;
		};
/* End XCBuildConfiguration section */

/* Begin XCConfigurationList section */
		FA5EBE042A4207DE00EA3318 /* Build configuration list for PBXProject "Tracker" */ = {
			isa = XCConfigurationList;
			buildConfigurations = (
				FA5EBE1B2A4207DE00EA3318 /* Debug */,
				FA5EBE1C2A4207DE00EA3318 /* Release */,
			);
			defaultConfigurationIsVisible = 0;
			defaultConfigurationName = Release;
		};
		FA5EBE1D2A4207DE00EA3318 /* Build configuration list for PBXNativeTarget "Tracker" */ = {
			isa = XCConfigurationList;
			buildConfigurations = (
				FA5EBE1E2A4207DE00EA3318 /* Debug */,
				FA5EBE1F2A4207DE00EA3318 /* Release */,
			);
			defaultConfigurationIsVisible = 0;
			defaultConfigurationName = Release;
		};
/* End XCConfigurationList section */

/* Begin XCVersionGroup section */
		FAD043332A88EDB000B23E15 /* Model.xcdatamodeld */ = {
			isa = XCVersionGroup;
			children = (
				FAD043342A88EDB000B23E15 /* Model.xcdatamodel */,
			);
			currentVersion = FAD043342A88EDB000B23E15 /* Model.xcdatamodel */;
			path = Model.xcdatamodeld;
			sourceTree = "<group>";
			versionGroupType = wrapper.xcdatamodel;
		};
/* End XCVersionGroup section */
	};
	rootObject = FA5EBE012A4207DE00EA3318 /* Project object */;
}
